
Microsoft Visual Studio Solution File, Format Version 12.00
# Visual Studio Version 16
VisualStudioVersion = 16.0.30907.101
MinimumVisualStudioVersion = 10.0.40219.1
Project("{FAE04EC0-301F-11D3-BF4B-00C04F79EFBC}") = "Sudoku", "Sudoku\Sudoku.csproj", "{6647E646-C431-4C21-BCB9-D81529FE2FC7}"
EndProject
Project("{FAE04EC0-301F-11D3-BF4B-00C04F79EFBC}") = "SudokuResolver", "SudokuResolver\SudokuResolver.csproj", "{2C4CEAFA-75B9-4079-A4F8-0C3DFC21CF0C}"
EndProject
Global
	GlobalSection(SolutionConfigurationPlatforms) = preSolution
		Debug|Any CPU = Debug|Any CPU
		Release|Any CPU = Release|Any CPU
	EndGlobalSection
	GlobalSection(ProjectConfigurationPlatforms) = postSolution
		{6647E646-C431-4C21-BCB9-D81529FE2FC7}.Debug|Any CPU.ActiveCfg = Debug|Any CPU
		{6647E646-C431-4C21-BCB9-D81529FE2FC7}.Debug|Any CPU.Build.0 = Debug|Any CPU
		{6647E646-C431-4C21-BCB9-D81529FE2FC7}.Release|Any CPU.ActiveCfg = Release|Any CPU
		{6647E646-C431-4C21-BCB9-D81529FE2FC7}.Release|Any CPU.Build.0 = Release|Any CPU
		{2C4CEAFA-75B9-4079-A4F8-0C3DFC21CF0C}.Debug|Any CPU.ActiveCfg = Debug|Any CPU
		{2C4CEAFA-75B9-4079-A4F8-0C3DFC21CF0C}.Debug|Any CPU.Build.0 = Debug|Any CPU
		{2C4CEAFA-75B9-4079-A4F8-0C3DFC21CF0C}.Release|Any CPU.ActiveCfg = Release|Any CPU
		{2C4CEAFA-75B9-4079-A4F8-0C3DFC21CF0C}.Release|Any CPU.Build.0 = Release|Any CPU
	EndGlobalSection
	GlobalSection(SolutionProperties) = preSolution
		HideSolutionNode = FALSE
	EndGlobalSection
	GlobalSection(ExtensibilityGlobals) = postSolution
		SolutionGuid = {C16C2656-7CA5-4D35-A441-5A7134B8588E}
	EndGlobalSection
EndGlobal
